
Microsoft Visual Studio Solution File, Format Version 12.00
# Visual Studio 15
VisualStudioVersion = 15.0.28307.1231
MinimumVisualStudioVersion = 10.0.40219.1
Project("{FAE04EC0-301F-11D3-BF4B-00C04F79EFBC}") = "First", "ReadFrmoFile\First.csproj", "{FC6E1C6B-B801-473C-9E57-D3DAAE5CCE01}"
EndProject
Global
	GlobalSection(SolutionConfigurationPlatforms) = preSolution
		Debug|Any CPU = Debug|Any CPU
		Release|Any CPU = Release|Any CPU
	EndGlobalSection
	GlobalSection(ProjectConfigurationPlatforms) = postSolution
		{FC6E1C6B-B801-473C-9E57-D3DAAE5CCE01}.Debug|Any CPU.ActiveCfg = Debug|Any CPU
		{FC6E1C6B-B801-473C-9E57-D3DAAE5CCE01}.Debug|Any CPU.Build.0 = Debug|Any CPU
		{FC6E1C6B-B801-473C-9E57-D3DAAE5CCE01}.Release|Any CPU.ActiveCfg = Release|Any CPU
		{FC6E1C6B-B801-473C-9E57-D3DAAE5CCE01}.Release|Any CPU.Build.0 = Release|Any CPU
	EndGlobalSection
	GlobalSection(SolutionProperties) = preSolution
		HideSolutionNode = FALSE
	EndGlobalSection
	GlobalSection(ExtensibilityGlobals) = postSolution
		SolutionGuid = {00B7255E-EAF9-4714-9A3F-E2E9DC9D3904}
	EndGlobalSection
EndGlobal
